
Microsoft Visual Studio Solution File, Format Version 12.00
# Visual Studio 14
VisualStudioVersion = 14.0.24720.0
MinimumVisualStudioVersion = 10.0.40219.1
Project("{FAE04EC0-301F-11D3-BF4B-00C04F79EFBC}") = "LayoutViewer", "LayoutViewer\LayoutViewer.csproj", "{192C11D2-0B60-4DCD-9176-5196BF50F0CE}"
EndProject
Project("{2150E333-8FDC-42A3-9474-1A3956D46DE8}") = "Solution Items", "Solution Items", "{7CFB9D49-0348-40DA-AA83-19502D93AF72}"
EndProject
Project("{FAE04EC0-301F-11D3-BF4B-00C04F79EFBC}") = "Be.HexEditor", "Be.HexEditor\Be.HexEditor.csproj", "{FF4ADB46-210E-429E-9176-68613F5CBE90}"
EndProject
Project("{FAE04EC0-301F-11D3-BF4B-00C04F79EFBC}") = "Be.Windows.Forms.HexBox", "Be.Windows.Forms.HexBox\Be.Windows.Forms.HexBox.csproj", "{26C5F25F-B450-4CAF-AD8B-B8D11AE73457}"
EndProject
Global
	GlobalSection(SolutionConfigurationPlatforms) = preSolution
		Debug|Any CPU = Debug|Any CPU
		Release|Any CPU = Release|Any CPU
	EndGlobalSection
	GlobalSection(ProjectConfigurationPlatforms) = postSolution
		{192C11D2-0B60-4DCD-9176-5196BF50F0CE}.Debug|Any CPU.ActiveCfg = Debug|Any CPU
		{192C11D2-0B60-4DCD-9176-5196BF50F0CE}.Debug|Any CPU.Build.0 = Debug|Any CPU
		{192C11D2-0B60-4DCD-9176-5196BF50F0CE}.Release|Any CPU.ActiveCfg = Release|Any CPU
		{192C11D2-0B60-4DCD-9176-5196BF50F0CE}.Release|Any CPU.Build.0 = Release|Any CPU
		{FF4ADB46-210E-429E-9176-68613F5CBE90}.Debug|Any CPU.ActiveCfg = Debug|Any CPU
		{FF4ADB46-210E-429E-9176-68613F5CBE90}.Debug|Any CPU.Build.0 = Debug|Any CPU
		{FF4ADB46-210E-429E-9176-68613F5CBE90}.Release|Any CPU.ActiveCfg = Release|Any CPU
		{FF4ADB46-210E-429E-9176-68613F5CBE90}.Release|Any CPU.Build.0 = Release|Any CPU
		{26C5F25F-B450-4CAF-AD8B-B8D11AE73457}.Debug|Any CPU.ActiveCfg = Debug|Any CPU
		{26C5F25F-B450-4CAF-AD8B-B8D11AE73457}.Debug|Any CPU.Build.0 = Debug|Any CPU
		{26C5F25F-B450-4CAF-AD8B-B8D11AE73457}.Release|Any CPU.ActiveCfg = Release|Any CPU
		{26C5F25F-B450-4CAF-AD8B-B8D11AE73457}.Release|Any CPU.Build.0 = Release|Any CPU
	EndGlobalSection
	GlobalSection(SolutionProperties) = preSolution
		HideSolutionNode = FALSE
	EndGlobalSection
EndGlobal
